{
  "name": "mx-graph-plus",
  "version": "1.0.0",
  "lockfileVersion": 2,
  "requires": true,
  "packages": {
    "": {
      "name": "mx-graph-plus",
      "version": "1.0.0",
      "license": "Apache",
      "dependencies": {
        "mxgraph": "^4.2.2"
      }
    },
    "node_modules/mxgraph": {
      "version": "4.2.2",
      "resolved": "https://mirrors.cloud.tencent.com/npm/mxgraph/-/mxgraph-4.2.2.tgz",
      "integrity": "sha512-FrJc5AxzXSqiQNF+8CyJk6VxuKO4UVPgw32FZuFZ3X9W+JqOAQBTokZhh0ZkEqGpEOyp3z778ssmBTvdrTAdqw==",
      "license": "Apache-2.0"
    }
  },
  "dependencies": {
    "mxgraph": {
      "version": "4.2.2",
      "resolved": "https://mirrors.cloud.tencent.com/npm/mxgraph/-/mxgraph-4.2.2.tgz",
      "integrity": "sha512-FrJc5AxzXSqiQNF+8CyJk6VxuKO4UVPgw32FZuFZ3X9W+JqOAQBTokZhh0ZkEqGpEOyp3z778ssmBTvdrTAdqw=="
    }
  }
}
